
Microsoft Visual Studio Solution File, Format Version 11.00
# Visual Studio 2010
Project("{FAE04EC0-301F-11D3-BF4B-00C04F79EFBC}") = "Euphoria", "Euphoria.csproj", "{D2FA1AFF-8A79-4B6B-BCD0-9698CD8E824F}"
EndProject
Project("{FAE04EC0-301F-11D3-BF4B-00C04F79EFBC}") = "Euphoria.Dados", "..\Euphoria.Dados\Euphoria.Dados.csproj", "{31897232-980A-4BF4-AA08-4AE19C8DAE0B}"
EndProject
Project("{FAE04EC0-301F-11D3-BF4B-00C04F79EFBC}") = "Euphoria.Servicos", "..\Euphoria.Servicos\Euphoria.Servicos.csproj", "{2E6C52DD-AA4D-465A-BC31-6F9ECB476EA3}"
EndProject
Global
	GlobalSection(SolutionConfigurationPlatforms) = preSolution
		Debug|Any CPU = Debug|Any CPU
		Debug|Mixed Platforms = Debug|Mixed Platforms
		Debug|x86 = Debug|x86
		Release|Any CPU = Release|Any CPU
		Release|Mixed Platforms = Release|Mixed Platforms
		Release|x86 = Release|x86
	EndGlobalSection
	GlobalSection(ProjectConfigurationPlatforms) = postSolution
		{D2FA1AFF-8A79-4B6B-BCD0-9698CD8E824F}.Debug|Any CPU.ActiveCfg = Debug|x86
		{D2FA1AFF-8A79-4B6B-BCD0-9698CD8E824F}.Debug|Mixed Platforms.ActiveCfg = Debug|x86
		{D2FA1AFF-8A79-4B6B-BCD0-9698CD8E824F}.Debug|Mixed Platforms.Build.0 = Debug|x86
		{D2FA1AFF-8A79-4B6B-BCD0-9698CD8E824F}.Debug|x86.ActiveCfg = Debug|x86
		{D2FA1AFF-8A79-4B6B-BCD0-9698CD8E824F}.Debug|x86.Build.0 = Debug|x86
		{D2FA1AFF-8A79-4B6B-BCD0-9698CD8E824F}.Release|Any CPU.ActiveCfg = Release|x86
		{D2FA1AFF-8A79-4B6B-BCD0-9698CD8E824F}.Release|Mixed Platforms.ActiveCfg = Release|x86
		{D2FA1AFF-8A79-4B6B-BCD0-9698CD8E824F}.Release|Mixed Platforms.Build.0 = Release|x86
		{D2FA1AFF-8A79-4B6B-BCD0-9698CD8E824F}.Release|x86.ActiveCfg = Release|x86
		{D2FA1AFF-8A79-4B6B-BCD0-9698CD8E824F}.Release|x86.Build.0 = Release|x86
		{31897232-980A-4BF4-AA08-4AE19C8DAE0B}.Debug|Any CPU.ActiveCfg = Debug|Any CPU
		{31897232-980A-4BF4-AA08-4AE19C8DAE0B}.Debug|Any CPU.Build.0 = Debug|Any CPU
		{31897232-980A-4BF4-AA08-4AE19C8DAE0B}.Debug|Mixed Platforms.ActiveCfg = Debug|Any CPU
		{31897232-980A-4BF4-AA08-4AE19C8DAE0B}.Debug|Mixed Platforms.Build.0 = Debug|Any CPU
		{31897232-980A-4BF4-AA08-4AE19C8DAE0B}.Debug|x86.ActiveCfg = Debug|Any CPU
		{31897232-980A-4BF4-AA08-4AE19C8DAE0B}.Release|Any CPU.ActiveCfg = Release|Any CPU
		{31897232-980A-4BF4-AA08-4AE19C8DAE0B}.Release|Any CPU.Build.0 = Release|Any CPU
		{31897232-980A-4BF4-AA08-4AE19C8DAE0B}.Release|Mixed Platforms.ActiveCfg = Release|Any CPU
		{31897232-980A-4BF4-AA08-4AE19C8DAE0B}.Release|Mixed Platforms.Build.0 = Release|Any CPU
		{31897232-980A-4BF4-AA08-4AE19C8DAE0B}.Release|x86.ActiveCfg = Release|Any CPU
		{2E6C52DD-AA4D-465A-BC31-6F9ECB476EA3}.Debug|Any CPU.ActiveCfg = Debug|Any CPU
		{2E6C52DD-AA4D-465A-BC31-6F9ECB476EA3}.Debug|Any CPU.Build.0 = Debug|Any CPU
		{2E6C52DD-AA4D-465A-BC31-6F9ECB476EA3}.Debug|Mixed Platforms.ActiveCfg = Debug|Any CPU
		{2E6C52DD-AA4D-465A-BC31-6F9ECB476EA3}.Debug|Mixed Platforms.Build.0 = Debug|Any CPU
		{2E6C52DD-AA4D-465A-BC31-6F9ECB476EA3}.Debug|x86.ActiveCfg = Debug|Any CPU
		{2E6C52DD-AA4D-465A-BC31-6F9ECB476EA3}.Release|Any CPU.ActiveCfg = Release|Any CPU
		{2E6C52DD-AA4D-465A-BC31-6F9ECB476EA3}.Release|Any CPU.Build.0 = Release|Any CPU
		{2E6C52DD-AA4D-465A-BC31-6F9ECB476EA3}.Release|Mixed Platforms.ActiveCfg = Release|Any CPU
		{2E6C52DD-AA4D-465A-BC31-6F9ECB476EA3}.Release|Mixed Platforms.Build.0 = Release|Any CPU
		{2E6C52DD-AA4D-465A-BC31-6F9ECB476EA3}.Release|x86.ActiveCfg = Release|Any CPU
	EndGlobalSection
	GlobalSection(SolutionProperties) = preSolution
		HideSolutionNode = FALSE
	EndGlobalSection
EndGlobal
